
Microsoft Visual Studio Solution File, Format Version 12.00
# Visual Studio Version 16
VisualStudioVersion = 16.0.30517.126
MinimumVisualStudioVersion = 10.0.40219.1
Project("{8BC9CEB8-8B4A-11D0-8D11-00A0C91BC942}") = "pointClass", "pointClass.vcxproj", "{7C04FB1F-A832-4532-90A4-9831AC30E4AF}"
EndProject
Global
	GlobalSection(SolutionConfigurationPlatforms) = preSolution
		Debug|x64 = Debug|x64
		Debug|x86 = Debug|x86
		Release|x64 = Release|x64
		Release|x86 = Release|x86
	EndGlobalSection
	GlobalSection(ProjectConfigurationPlatforms) = postSolution
		{7C04FB1F-A832-4532-90A4-9831AC30E4AF}.Debug|x64.ActiveCfg = Debug|x64
		{7C04FB1F-A832-4532-90A4-9831AC30E4AF}.Debug|x64.Build.0 = Debug|x64
		{7C04FB1F-A832-4532-90A4-9831AC30E4AF}.Debug|x86.ActiveCfg = Debug|Win32
		{7C04FB1F-A832-4532-90A4-9831AC30E4AF}.Debug|x86.Build.0 = Debug|Win32
		{7C04FB1F-A832-4532-90A4-9831AC30E4AF}.Release|x64.ActiveCfg = Release|x64
		{7C04FB1F-A832-4532-90A4-9831AC30E4AF}.Release|x64.Build.0 = Release|x64
		{7C04FB1F-A832-4532-90A4-9831AC30E4AF}.Release|x86.ActiveCfg = Release|Win32
		{7C04FB1F-A832-4532-90A4-9831AC30E4AF}.Release|x86.Build.0 = Release|Win32
	EndGlobalSection
	GlobalSection(SolutionProperties) = preSolution
		HideSolutionNode = FALSE
	EndGlobalSection
	GlobalSection(ExtensibilityGlobals) = postSolution
		SolutionGuid = {A51B0F9E-90D1-47C6-AD9A-923B727E2294}
	EndGlobalSection
EndGlobal
